
Microsoft Visual Studio Solution File, Format Version 12.00
# Visual Studio Version 17
VisualStudioVersion = 17.11.35312.102
MinimumVisualStudioVersion = 10.0.40219.1
Project("{9A19103F-16F7-4668-BE54-9A1E7A4F7556}") = "AnyReservationTemp", "AnyReservationTemp.csproj", "{24768D6D-4715-4125-B3F1-267641E1B2A0}"
EndProject
Global
	GlobalSection(SolutionConfigurationPlatforms) = preSolution
		Debug|Any CPU = Debug|Any CPU
		Release|Any CPU = Release|Any CPU
	EndGlobalSection
	GlobalSection(ProjectConfigurationPlatforms) = postSolution
		{24768D6D-4715-4125-B3F1-267641E1B2A0}.Debug|Any CPU.ActiveCfg = Debug|Any CPU
		{24768D6D-4715-4125-B3F1-267641E1B2A0}.Debug|Any CPU.Build.0 = Debug|Any CPU
		{24768D6D-4715-4125-B3F1-267641E1B2A0}.Release|Any CPU.ActiveCfg = Release|Any CPU
		{24768D6D-4715-4125-B3F1-267641E1B2A0}.Release|Any CPU.Build.0 = Release|Any CPU
	EndGlobalSection
	GlobalSection(SolutionProperties) = preSolution
		HideSolutionNode = FALSE
	EndGlobalSection
	GlobalSection(ExtensibilityGlobals) = postSolution
		SolutionGuid = {790B5423-0693-4317-9BCE-2699EF6E430D}
	EndGlobalSection
EndGlobal
